// !$*UTF8*$!
{
	archiveVersion = 1;
	classes = {
	};
	objectVersion = 55;
	objects = {

/* Begin PBXBuildFile section */
		4A3367FF275965D8009D5995 /* stocknews.json in Resources */ = {isa = PBXBuildFile; fileRef = 4A3367FE275965D8009D5995 /* stocknews.json */; };
		4A3368012759701D009D5995 /* StockNewsView.swift in Sources */ = {isa = PBXBuildFile; fileRef = 4A3368002759701D009D5995 /* StockNewsView.swift */; };
		4A856B91275830430062FC9F /* StocksApp.swift in Sources */ = {isa = PBXBuildFile; fileRef = 4A856B90275830430062FC9F /* StocksApp.swift */; };
		4A856B93275830430062FC9F /* ContentView.swift in Sources */ = {isa = PBXBuildFile; fileRef = 4A856B92275830430062FC9F /* ContentView.swift */; };
		4A856B95275830480062FC9F /* Assets.xcassets in Resources */ = {isa = PBXBuildFile; fileRef = 4A856B94275830480062FC9F /* Assets.xcassets */; };
		4A856B98275830480062FC9F /* Preview Assets.xcassets in Resources */ = {isa = PBXBuildFile; fileRef = 4A856B97275830480062FC9F /* Preview Assets.xcassets */; };
		4A856B9F2758308B0062FC9F /* StockViewModel.swift in Sources */ = {isa = PBXBuildFile; fileRef = 4A856B9E2758308B0062FC9F /* StockViewModel.swift */; };
		4A856BA127583C8C0062FC9F /* StockCurve.swift in Sources */ = {isa = PBXBuildFile; fileRef = 4A856BA027583C8C0062FC9F /* StockCurve.swift */; };
		4A856BA3275848740062FC9F /* StockVolume.swift in Sources */ = {isa = PBXBuildFile; fileRef = 4A856BA2275848740062FC9F /* StockVolume.swift */; };
		4A856BA527584E9C0062FC9F /* StockTimeView.swift in Sources */ = {isa = PBXBuildFile; fileRef = 4A856BA427584E9C0062FC9F /* StockTimeView.swift */; };
		4AE81A232759382B003E5CEF /* Double.extension.swift in Sources */ = {isa = PBXBuildFile; fileRef = 4AE81A222759382B003E5CEF /* Double.extension.swift */; };
		4AE81A2527593E91003E5CEF /* HeaderView.swift in Sources */ = {isa = PBXBuildFile; fileRef = 4AE81A2427593E91003E5CEF /* HeaderView.swift */; };
		4AE81A2727594105003E5CEF /* StockInfoView.swift in Sources */ = {isa = PBXBuildFile; fileRef = 4AE81A2627594105003E5CEF /* StockInfoView.swift */; };
/* End PBXBuildFile section */

/* Begin PBXFileReference section */
		4A3367FE275965D8009D5995 /* stocknews.json */ = {isa = PBXFileReference; lastKnownFileType = text.json; path = stocknews.json; sourceTree = "<group>"; };
		4A3368002759701D009D5995 /* StockNewsView.swift */ = {isa = PBXFileReference; lastKnownFileType = sourcecode.swift; path = StockNewsView.swift; sourceTree = "<group>"; };
		4A856B8D275830430062FC9F /* Stocks.app */ = {isa = PBXFileReference; explicitFileType = wrapper.application; includeInIndex = 0; path = Stocks.app; sourceTree = BUILT_PRODUCTS_DIR; };
		4A856B90275830430062FC9F /* StocksApp.swift */ = {isa = PBXFileReference; lastKnownFileType = sourcecode.swift; path = StocksApp.swift; sourceTree = "<group>"; };
		4A856B92275830430062FC9F /* ContentView.swift */ = {isa = PBXFileReference; lastKnownFileType = sourcecode.swift; path = ContentView.swift; sourceTree = "<group>"; };
		4A856B94275830480062FC9F /* Assets.xcassets */ = {isa = PBXFileReference; lastKnownFileType = folder.assetcatalog; path = Assets.xcassets; sourceTree = "<group>"; };
		4A856B97275830480062FC9F /* Preview Assets.xcassets */ = {isa = PBXFileReference; lastKnownFileType = folder.assetcatalog; path = "Preview Assets.xcassets"; sourceTree = "<group>"; };
		4A856B9E2758308B0062FC9F /* StockViewModel.swift */ = {isa = PBXFileReference; lastKnownFileType = sourcecode.swift; path = StockViewModel.swift; sourceTree = "<group>"; };
		4A856BA027583C8C0062FC9F /* StockCurve.swift */ = {isa = PBXFileReference; lastKnownFileType = sourcecode.swift; path = StockCurve.swift; sourceTree = "<group>"; };
		4A856BA2275848740062FC9F /* StockVolume.swift */ = {isa = PBXFileReference; lastKnownFileType = sourcecode.swift; path = StockVolume.swift; sourceTree = "<group>"; };
		4A856BA427584E9C0062FC9F /* StockTimeView.swift */ = {isa = PBXFileReference; lastKnownFileType = sourcecode.swift; path = StockTimeView.swift; sourceTree = "<group>"; };
		4AE81A222759382B003E5CEF /* Double.extension.swift */ = {isa = PBXFileReference; lastKnownFileType = sourcecode.swift; path = Double.extension.swift; sourceTree = "<group>"; };
		4AE81A2427593E91003E5CEF /* HeaderView.swift */ = {isa = PBXFileReference; lastKnownFileType = sourcecode.swift; path = HeaderView.swift; sourceTree = "<group>"; };
		4AE81A2627594105003E5CEF /* StockInfoView.swift */ = {isa = PBXFileReference; lastKnownFileType = sourcecode.swift; path = StockInfoView.swift; sourceTree = "<group>"; };
/* End PBXFileReference section */

/* Begin PBXFrameworksBuildPhase section */
		4A856B8A275830430062FC9F /* Frameworks */ = {
			isa = PBXFrameworksBuildPhase;
			buildActionMask = 2147483647;
			files = (
			);
			runOnlyForDeploymentPostprocessing = 0;
		};
/* End PBXFrameworksBuildPhase section */

/* Begin PBXGroup section */
		4A3368022759BD36009D5995 /* Views */ = {
			isa = PBXGroup;
			children = (
				4AE81A2427593E91003E5CEF /* HeaderView.swift */,
				4AE81A2627594105003E5CEF /* StockInfoView.swift */,
				4A856BA027583C8C0062FC9F /* StockCurve.swift */,
				4A856BA2275848740062FC9F /* StockVolume.swift */,
				4A856BA427584E9C0062FC9F /* StockTimeView.swift */,
				4A3368002759701D009D5995 /* StockNewsView.swift */,
			);
			path = Views;
			sourceTree = "<group>";
		};
		4A3368032759BD49009D5995 /* ViewModels */ = {
			isa = PBXGroup;
			children = (
				4A856B9E2758308B0062FC9F /* StockViewModel.swift */,
				4AE81A222759382B003E5CEF /* Double.extension.swift */,
				4A3367FE275965D8009D5995 /* stocknews.json */,
			);
			path = ViewModels;
			sourceTree = "<group>";
		};
		4A856B84275830430062FC9F = {
			isa = PBXGroup;
			children = (
				4A856B8F275830430062FC9F /* Stocks */,
				4A856B8E275830430062FC9F /* Products */,
			);
			sourceTree = "<group>";
		};
		4A856B8E275830430062FC9F /* Products */ = {
			isa = PBXGroup;
			children = (
				4A856B8D275830430062FC9F /* Stocks.app */,
			);
			name = Products;
			sourceTree = "<group>";
		};
		4A856B8F275830430062FC9F /* Stocks */ = {
			isa = PBXGroup;
			children = (
				4A856B90275830430062FC9F /* StocksApp.swift */,
				4A856B92275830430062FC9F /* ContentView.swift */,
				4A3368022759BD36009D5995 /* Views */,
				4A3368032759BD49009D5995 /* ViewModels */,
				4A856B94275830480062FC9F /* Assets.xcassets */,
				4A856B96275830480062FC9F /* Preview Content */,
			);
			path = Stocks;
			sourceTree = "<group>";
		};
		4A856B96275830480062FC9F /* Preview Content */ = {
			isa = PBXGroup;
			children = (
				4A856B97275830480062FC9F /* Preview Assets.xcassets */,
			);
			path = "Preview Content";
			sourceTree = "<group>";
		};
/* End PBXGroup section */

/* Begin PBXNativeTarget section */
		4A856B8C275830430062FC9F /* Stocks */ = {
			isa = PBXNativeTarget;
			buildConfigurationList = 4A856B9B275830480062FC9F /* Build configuration list for PBXNativeTarget "Stocks" */;
			buildPhases = (
				4A856B89275830430062FC9F /* Sources */,
				4A856B8A275830430062FC9F /* Frameworks */,
				4A856B8B275830430062FC9F /* Resources */,
			);
			buildRules = (
			);
			dependencies = (
			);
			name = Stocks;
			productName = Stocks;
			productReference = 4A856B8D275830430062FC9F /* Stocks.app */;
			productType = "com.apple.product-type.application";
		};
/* End PBXNativeTarget section */

/* Begin PBXProject section */
		4A856B85275830430062FC9F /* Project object */ = {
			isa = PBXProject;
			attributes = {
				BuildIndependentTargetsInParallel = 1;
				LastSwiftUpdateCheck = 1310;
				LastUpgradeCheck = 1310;
				TargetAttributes = {
					4A856B8C275830430062FC9F = {
						CreatedOnToolsVersion = 13.1;
					};
				};
			};
			buildConfigurationList = 4A856B88275830430062FC9F /* Build configuration list for PBXProject "Stocks" */;
			compatibilityVersion = "Xcode 13.0";
			developmentRegion = en;
			hasScannedForEncodings = 0;
			knownRegions = (
				en,
				Base,
			);
			mainGroup = 4A856B84275830430062FC9F;
			productRefGroup = 4A856B8E275830430062FC9F /* Products */;
			projectDirPath = "";
			projectRoot = "";
			targets = (
				4A856B8C275830430062FC9F /* Stocks */,
			);
		};
/* End PBXProject section */

/* Begin PBXResourcesBuildPhase section */
		4A856B8B275830430062FC9F /* Resources */ = {
			isa = PBXResourcesBuildPhase;
			buildActionMask = 2147483647;
			files = (
				4A3367FF275965D8009D5995 /* stocknews.json in Resources */,
				4A856B98275830480062FC9F /* Preview Assets.xcassets in Resources */,
				4A856B95275830480062FC9F /* Assets.xcassets in Resources */,
			);
			runOnlyForDeploymentPostprocessing = 0;
		};
/* End PBXResourcesBuildPhase section */

/* Begin PBXSourcesBuildPhase section */
		4A856B89275830430062FC9F /* Sources */ = {
			isa = PBXSourcesBuildPhase;
			buildActionMask = 2147483647;
			files = (
				4AE81A2727594105003E5CEF /* StockInfoView.swift in Sources */,
				4A856BA3275848740062FC9F /* StockVolume.swift in Sources */,
				4A856B93275830430062FC9F /* ContentView.swift in Sources */,
				4A856BA127583C8C0062FC9F /* StockCurve.swift in Sources */,
				4AE81A232759382B003E5CEF /* Double.extension.swift in Sources */,
				4A856B9F2758308B0062FC9F /* StockViewModel.swift in Sources */,
				4A3368012759701D009D5995 /* StockNewsView.swift in Sources */,
				4A856B91275830430062FC9F /* StocksApp.swift in Sources */,
				4A856BA527584E9C0062FC9F /* StockTimeView.swift in Sources */,
				4AE81A2527593E91003E5CEF /* HeaderView.swift in Sources */,
			);
			runOnlyForDeploymentPostprocessing = 0;
		};
/* End PBXSourcesBuildPhase section */

/* Begin XCBuildConfiguration section */
		4A856B99275830480062FC9F /* Debug */ = {
			isa = XCBuildConfiguration;
			buildSettings = {
				ALWAYS_SEARCH_USER_PATHS = NO;
				CLANG_ANALYZER_NONNULL = YES;
				CLANG_ANALYZER_NUMBER_OBJECT_CONVERSION = YES_AGGRESSIVE;
				CLANG_CXX_LANGUAGE_STANDARD = "gnu++17";
				CLANG_CXX_LIBRARY = "libc++";
				CLANG_ENABLE_MODULES = YES;
				CLANG_ENABLE_OBJC_ARC = YES;
				CLANG_ENABLE_OBJC_WEAK = YES;
				CLANG_WARN_BLOCK_CAPTURE_AUTORELEASING = YES;
				CLANG_WARN_BOOL_CONVERSION = YES;
				CLANG_WARN_COMMA = YES;
				CLANG_WARN_CONSTANT_CONVERSION = YES;
				CLANG_WARN_DEPRECATED_OBJC_IMPLEMENTATIONS = YES;
				CLANG_WARN_DIRECT_OBJC_ISA_USAGE = YES_ERROR;
				CLANG_WARN_DOCUMENTATION_COMMENTS = YES;
				CLANG_WARN_EMPTY_BODY = YES;
				CLANG_WARN_ENUM_CONVERSION = YES;
				CLANG_WARN_INFINITE_RECURSION = YES;
				CLANG_WARN_INT_CONVERSION = YES;
				CLANG_WARN_NON_LITERAL_NULL_CONVERSION = YES;
				CLANG_WARN_OBJC_IMPLICIT_RETAIN_SELF = YES;
				CLANG_WARN_OBJC_LITERAL_CONVERSION = YES;
				CLANG_WARN_OBJC_ROOT_CLASS = YES_ERROR;
				CLANG_WARN_QUOTED_INCLUDE_IN_FRAMEWORK_HEADER = YES;
				CLANG_WARN_RANGE_LOOP_ANALYSIS = YES;
				CLANG_WARN_STRICT_PROTOTYPES = YES;
				CLANG_WARN_SUSPICIOUS_MOVE = YES;
				CLANG_WARN_UNGUARDED_AVAILABILITY = YES_AGGRESSIVE;
				CLANG_WARN_UNREACHABLE_CODE = YES;
				CLANG_WARN__DUPLICATE_METHOD_MATCH = YES;
				COPY_PHASE_STRIP = NO;
				DEBUG_INFORMATION_FORMAT = dwarf;
				ENABLE_STRICT_OBJC_MSGSEND = YES;
				ENABLE_TESTABILITY = YES;
				GCC_C_LANGUAGE_STANDARD = gnu11;
				GCC_DYNAMIC_NO_PIC = NO;
				GCC_NO_COMMON_BLOCKS = YES;
				GCC_OPTIMIZATION_LEVEL = 0;
				GCC_PREPROCESSOR_DEFINITIONS = (
					"DEBUG=1",
					"$(inherited)",
				);
				GCC_WARN_64_TO_32_BIT_CONVERSION = YES;
				GCC_WARN_ABOUT_RETURN_TYPE = YES_ERROR;
				GCC_WARN_UNDECLARED_SELECTOR = YES;
				GCC_WARN_UNINITIALIZED_AUTOS = YES_AGGRESSIVE;
				GCC_WARN_UNUSED_FUNCTION = YES;
				GCC_WARN_UNUSED_VARIABLE = YES;
				IPHONEOS_DEPLOYMENT_TARGET = 15.0;
				MTL_ENABLE_DEBUG_INFO = INCLUDE_SOURCE;
				MTL_FAST_MATH = YES;
				ONLY_ACTIVE_ARCH = YES;
				SDKROOT = iphoneos;
				SWIFT_ACTIVE_COMPILATION_CONDITIONS = DEBUG;
				SWIFT_OPTIMIZATION_LEVEL = "-Onone";
			};
			name = Debug;
		};
		4A856B9A275830480062FC9F /* Release */ = {
			isa = XCBuildConfiguration;
			buildSettings = {
				ALWAYS_SEARCH_USER_PATHS = NO;
				CLANG_ANALYZER_NONNULL = YES;
				CLANG_ANALYZER_NUMBER_OBJECT_CONVERSION = YES_AGGRESSIVE;
				CLANG_CXX_LANGUAGE_STANDARD = "gnu++17";
				CLANG_CXX_LIBRARY = "libc++";
				CLANG_ENABLE_MODULES = YES;
				CLANG_ENABLE_OBJC_ARC = YES;
				CLANG_ENABLE_OBJC_WEAK = YES;
				CLANG_WARN_BLOCK_CAPTURE_AUTORELEASING = YES;
				CLANG_WARN_BOOL_CONVERSION = YES;
				CLANG_WARN_COMMA = YES;
				CLANG_WARN_CONSTANT_CONVERSION = YES;
				CLANG_WARN_DEPRECATED_OBJC_IMPLEMENTATIONS = YES;
				CLANG_WARN_DIRECT_OBJC_ISA_USAGE = YES_ERROR;
				CLANG_WARN_DOCUMENTATION_COMMENTS = YES;
				CLANG_WARN_EMPTY_BODY = YES;
				CLANG_WARN_ENUM_CONVERSION = YES;
				CLANG_WARN_INFINITE_RECURSION = YES;
				CLANG_WARN_INT_CONVERSION = YES;
				CLANG_WARN_NON_LITERAL_NULL_CONVERSION = YES;
				CLANG_WARN_OBJC_IMPLICIT_RETAIN_SELF = YES;
				CLANG_WARN_OBJC_LITERAL_CONVERSION = YES;
				CLANG_WARN_OBJC_ROOT_CLASS = YES_ERROR;
				CLANG_WARN_QUOTED_INCLUDE_IN_FRAMEWORK_HEADER = YES;
				CLANG_WARN_RANGE_LOOP_ANALYSIS = YES;
				CLANG_WARN_STRICT_PROTOTYPES = YES;
				CLANG_WARN_SUSPICIOUS_MOVE = YES;
				CLANG_WARN_UNGUARDED_AVAILABILITY = YES_AGGRESSIVE;
				CLANG_WARN_UNREACHABLE_CODE = YES;
				CLANG_WARN__DUPLICATE_METHOD_MATCH = YES;
				COPY_PHASE_STRIP = NO;
				DEBUG_INFORMATION_FORMAT = "dwarf-with-dsym";
				ENABLE_NS_ASSERTIONS = NO;
				ENABLE_STRICT_OBJC_MSGSEND = YES;
				GCC_C_LANGUAGE_STANDARD = gnu11;
				GCC_NO_COMMON_BLOCKS = YES;
				GCC_WARN_64_TO_32_BIT_CONVERSION = YES;
				GCC_WARN_ABOUT_RETURN_TYPE = YES_ERROR;
				GCC_WARN_UNDECLARED_SELECTOR = YES;
				GCC_WARN_UNINITIALIZED_AUTOS = YES_AGGRESSIVE;
				GCC_WARN_UNUSED_FUNCTION = YES;
				GCC_WARN_UNUSED_VARIABLE = YES;
				IPHONEOS_DEPLOYMENT_TARGET = 15.0;
				MTL_ENABLE_DEBUG_INFO = NO;
				MTL_FAST_MATH = YES;
				SDKROOT = iphoneos;
				SWIFT_COMPILATION_MODE = wholemodule;
				SWIFT_OPTIMIZATION_LEVEL = "-O";
				VALIDATE_PRODUCT = YES;
			};
			name = Release;
		};
		4A856B9C275830480062FC9F /* Debug */ = {
			isa = XCBuildConfiguration;
			buildSettings = {
				ASSETCATALOG_COMPILER_APPICON_NAME = AppIcon;
				ASSETCATALOG_COMPILER_GLOBAL_ACCENT_COLOR_NAME = AccentColor;
				CODE_SIGN_STYLE = Automatic;
				CURRENT_PROJECT_VERSION = 1;
				DEVELOPMENT_ASSET_PATHS = "\"Stocks/Preview Content\"";
				DEVELOPMENT_TEAM = YAZRH2W8WY;
				ENABLE_PREVIEWS = YES;
				GENERATE_INFOPLIST_FILE = YES;
				INFOPLIST_KEY_UIApplicationSceneManifest_Generation = YES;
				INFOPLIST_KEY_UIApplicationSupportsIndirectInputEvents = YES;
				INFOPLIST_KEY_UILaunchScreen_Generation = YES;
				INFOPLIST_KEY_UISupportedInterfaceOrientations_iPad = "UIInterfaceOrientationPortrait UIInterfaceOrientationPortraitUpsideDown UIInterfaceOrientationLandscapeLeft UIInterfaceOrientationLandscapeRight";
				INFOPLIST_KEY_UISupportedInterfaceOrientations_iPhone = "UIInterfaceOrientationPortrait UIInterfaceOrientationLandscapeLeft UIInterfaceOrientationLandscapeRight";
				LD_RUNPATH_SEARCH_PATHS = (
					"$(inherited)",
					"@executable_path/Frameworks",
				);
				MARKETING_VERSION = 1.0;
				PRODUCT_BUNDLE_IDENTIFIER = Cicimaya.Stocks;
				PRODUCT_NAME = "$(TARGET_NAME)";
				SWIFT_EMIT_LOC_STRINGS = YES;
				SWIFT_VERSION = 5.0;
				TARGETED_DEVICE_FAMILY = "1,2";
			};
			name = Debug;
		};
		4A856B9D275830480062FC9F /* Release */ = {
			isa = XCBuildConfiguration;
			buildSettings = {
				ASSETCATALOG_COMPILER_APPICON_NAME = AppIcon;
				ASSETCATALOG_COMPILER_GLOBAL_ACCENT_COLOR_NAME = AccentColor;
				CODE_SIGN_STYLE = Automatic;
				CURRENT_PROJECT_VERSION = 1;
				DEVELOPMENT_ASSET_PATHS = "\"Stocks/Preview Content\"";
				DEVELOPMENT_TEAM = YAZRH2W8WY;
				ENABLE_PREVIEWS = YES;
				GENERATE_INFOPLIST_FILE = YES;
				INFOPLIST_KEY_UIApplicationSceneManifest_Generation = YES;
				INFOPLIST_KEY_UIApplicationSupportsIndirectInputEvents = YES;
				INFOPLIST_KEY_UILaunchScreen_Generation = YES;
				INFOPLIST_KEY_UISupportedInterfaceOrientations_iPad = "UIInterfaceOrientationPortrait UIInterfaceOrientationPortraitUpsideDown UIInterfaceOrientationLandscapeLeft UIInterfaceOrientationLandscapeRight";
				INFOPLIST_KEY_UISupportedInterfaceOrientations_iPhone = "UIInterfaceOrientationPortrait UIInterfaceOrientationLandscapeLeft UIInterfaceOrientationLandscapeRight";
				LD_RUNPATH_SEARCH_PATHS = (
					"$(inherited)",
					"@executable_path/Frameworks",
				);
				MARKETING_VERSION = 1.0;
				PRODUCT_BUNDLE_IDENTIFIER = Cicimaya.Stocks;
				PRODUCT_NAME = "$(TARGET_NAME)";
				SWIFT_EMIT_LOC_STRINGS = YES;
				SWIFT_VERSION = 5.0;
				TARGETED_DEVICE_FAMILY = "1,2";
			};
			name = Release;
		};
/* End XCBuildConfiguration section */

/* Begin XCConfigurationList section */
		4A856B88275830430062FC9F /* Build configuration list for PBXProject "Stocks" */ = {
			isa = XCConfigurationList;
			buildConfigurations = (
				4A856B99275830480062FC9F /* Debug */,
				4A856B9A275830480062FC9F /* Release */,
			);
			defaultConfigurationIsVisible = 0;
			defaultConfigurationName = Release;
		};
		4A856B9B275830480062FC9F /* Build configuration list for PBXNativeTarget "Stocks" */ = {
			isa = XCConfigurationList;
			buildConfigurations = (
				4A856B9C275830480062FC9F /* Debug */,
				4A856B9D275830480062FC9F /* Release */,
			);
			defaultConfigurationIsVisible = 0;
			defaultConfigurationName = Release;
		};
/* End XCConfigurationList section */
	};
	rootObject = 4A856B85275830430062FC9F /* Project object */;
}
